
Microsoft Visual Studio Solution File, Format Version 12.00
# Visual Studio 15
VisualStudioVersion = 15.0.27309.0
MinimumVisualStudioVersion = 10.0.40219.1
Project("{9A19103F-16F7-4668-BE54-9A1E7A4F7556}") = "stackoverazure", "stackoverazure.csproj", "{BDBDD849-6950-4214-8856-3ADDCC2BFA2F}"
EndProject
Global
	GlobalSection(SolutionConfigurationPlatforms) = preSolution
		Debug|Any CPU = Debug|Any CPU
		Release|Any CPU = Release|Any CPU
	EndGlobalSection
	GlobalSection(ProjectConfigurationPlatforms) = postSolution
		{BDBDD849-6950-4214-8856-3ADDCC2BFA2F}.Debug|Any CPU.ActiveCfg = Debug|Any CPU
		{BDBDD849-6950-4214-8856-3ADDCC2BFA2F}.Debug|Any CPU.Build.0 = Debug|Any CPU
		{BDBDD849-6950-4214-8856-3ADDCC2BFA2F}.Release|Any CPU.ActiveCfg = Release|Any CPU
		{BDBDD849-6950-4214-8856-3ADDCC2BFA2F}.Release|Any CPU.Build.0 = Release|Any CPU
	EndGlobalSection
	GlobalSection(SolutionProperties) = preSolution
		HideSolutionNode = FALSE
	EndGlobalSection
	GlobalSection(ExtensibilityGlobals) = postSolution
		SolutionGuid = {4E55649B-64E9-48FE-BABE-F15DE0EEDD1E}
	EndGlobalSection
EndGlobal
